
Microsoft Visual Studio Solution File, Format Version 12.00
# Visual Studio Version 17
VisualStudioVersion = 17.14.36518.9
MinimumVisualStudioVersion = 10.0.40219.1
Project("{FAE04EC0-301F-11D3-BF4B-00C04F79EFBC}") = "Domain", "Domain\Domain.csproj", "{E528BBC3-1C26-8C35-F682-23718816ADCD}"
EndProject
Project("{FAE04EC0-301F-11D3-BF4B-00C04F79EFBC}") = "Application", "Application\Application.csproj", "{5D8E0A12-0447-4618-85F9-4F6A699CD29B}"
EndProject
Project("{FAE04EC0-301F-11D3-BF4B-00C04F79EFBC}") = "Infrastructure", "Infrastructure\Infrastructure.csproj", "{E72A9B5D-DAB5-4DCA-97A9-CC266B93B373}"
EndProject
Project("{FAE04EC0-301F-11D3-BF4B-00C04F79EFBC}") = "MovieApp.Api", "MovieApp.Api\MovieApp.Api.csproj", "{E41D98F3-C43C-4F21-EA3A-9FBB350703DE}"
EndProject
Project("{FAE04EC0-301F-11D3-BF4B-00C04F79EFBC}") = "MovieApp.Tests", "MovieApp.Tests\MovieApp.Tests.csproj", "{6C54BEC3-7A76-8656-E5BD-6D993E28ACC3}"
EndProject
Global
	GlobalSection(SolutionConfigurationPlatforms) = preSolution
		Debug|Any CPU = Debug|Any CPU
		Release|Any CPU = Release|Any CPU
	EndGlobalSection
	GlobalSection(ProjectConfigurationPlatforms) = postSolution
		{E528BBC3-1C26-8C35-F682-23718816ADCD}.Debug|Any CPU.ActiveCfg = Debug|Any CPU
		{E528BBC3-1C26-8C35-F682-23718816ADCD}.Debug|Any CPU.Build.0 = Debug|Any CPU
		{E528BBC3-1C26-8C35-F682-23718816ADCD}.Release|Any CPU.ActiveCfg = Release|Any CPU
		{E528BBC3-1C26-8C35-F682-23718816ADCD}.Release|Any CPU.Build.0 = Release|Any CPU
		{5D8E0A12-0447-4618-85F9-4F6A699CD29B}.Debug|Any CPU.ActiveCfg = Debug|Any CPU
		{5D8E0A12-0447-4618-85F9-4F6A699CD29B}.Debug|Any CPU.Build.0 = Debug|Any CPU
		{5D8E0A12-0447-4618-85F9-4F6A699CD29B}.Release|Any CPU.ActiveCfg = Release|Any CPU
		{5D8E0A12-0447-4618-85F9-4F6A699CD29B}.Release|Any CPU.Build.0 = Release|Any CPU
		{E72A9B5D-DAB5-4DCA-97A9-CC266B93B373}.Debug|Any CPU.ActiveCfg = Debug|Any CPU
		{E72A9B5D-DAB5-4DCA-97A9-CC266B93B373}.Debug|Any CPU.Build.0 = Debug|Any CPU
		{E72A9B5D-DAB5-4DCA-97A9-CC266B93B373}.Release|Any CPU.ActiveCfg = Release|Any CPU
		{E72A9B5D-DAB5-4DCA-97A9-CC266B93B373}.Release|Any CPU.Build.0 = Release|Any CPU
		{E41D98F3-C43C-4F21-EA3A-9FBB350703DE}.Debug|Any CPU.ActiveCfg = Debug|Any CPU
		{E41D98F3-C43C-4F21-EA3A-9FBB350703DE}.Debug|Any CPU.Build.0 = Debug|Any CPU
		{E41D98F3-C43C-4F21-EA3A-9FBB350703DE}.Release|Any CPU.ActiveCfg = Release|Any CPU
		{E41D98F3-C43C-4F21-EA3A-9FBB350703DE}.Release|Any CPU.Build.0 = Release|Any CPU
		{6C54BEC3-7A76-8656-E5BD-6D993E28ACC3}.Debug|Any CPU.ActiveCfg = Debug|Any CPU
		{6C54BEC3-7A76-8656-E5BD-6D993E28ACC3}.Debug|Any CPU.Build.0 = Debug|Any CPU
		{6C54BEC3-7A76-8656-E5BD-6D993E28ACC3}.Release|Any CPU.ActiveCfg = Release|Any CPU
		{6C54BEC3-7A76-8656-E5BD-6D993E28ACC3}.Release|Any CPU.Build.0 = Release|Any CPU
	EndGlobalSection
	GlobalSection(SolutionProperties) = preSolution
		HideSolutionNode = FALSE
	EndGlobalSection
	GlobalSection(ExtensibilityGlobals) = postSolution
		SolutionGuid = {DE1D7F04-4043-426F-8EED-40FAD58E8183}
	EndGlobalSection
EndGlobal
